// !$*UTF8*$!
{
	archiveVersion = 1;
	classes = {
	};
	objectVersion = 46;
	objects = {

/* Begin PBXBuildFile section */
		1C49F8A91461E62500867559 /* UIKit.framework in Frameworks */ = {isa = PBXBuildFile; fileRef = 1C49F8A81461E62500867559 /* UIKit.framework */; };
		1C49F8AB1461E62500867559 /* Foundation.framework in Frameworks */ = {isa = PBXBuildFile; fileRef = 1C49F8AA1461E62500867559 /* Foundation.framework */; };
		1C49F8AD1461E62500867559 /* CoreGraphics.framework in Frameworks */ = {isa = PBXBuildFile; fileRef = 1C49F8AC1461E62500867559 /* CoreGraphics.framework */; };
		1C49F8B31461E62500867559 /* InfoPlist.strings in Resources */ = {isa = PBXBuildFile; fileRef = 1C49F8B11461E62500867559 /* InfoPlist.strings */; };
		1C49F8B51461E62500867559 /* main.m in Sources */ = {isa = PBXBuildFile; fileRef = 1C49F8B41461E62500867559 /* main.m */; };
		1C49F8B91461E62500867559 /* AppDelegate.m in Sources */ = {isa = PBXBuildFile; fileRef = 1C49F8B81461E62500867559 /* AppDelegate.m */; };
		1C49F8BC1461E62500867559 /* ViewController.m in Sources */ = {isa = PBXBuildFile; fileRef = 1C49F8BB1461E62500867559 /* ViewController.m */; };
		1C49F8BF1461E62500867559 /* ViewController_iPhone.xib in Resources */ = {isa = PBXBuildFile; fileRef = 1C49F8BD1461E62500867559 /* ViewController_iPhone.xib */; };
		1C49F8C21461E62500867559 /* ViewController_iPad.xib in Resources */ = {isa = PBXBuildFile; fileRef = 1C49F8C01461E62500867559 /* ViewController_iPad.xib */; };
		1C49F8CA1461E62500867559 /* SenTestingKit.framework in Frameworks */ = {isa = PBXBuildFile; fileRef = 1C49F8C91461E62500867559 /* SenTestingKit.framework */; };
		1C49F8CB1461E62500867559 /* UIKit.framework in Frameworks */ = {isa = PBXBuildFile; fileRef = 1C49F8A81461E62500867559 /* UIKit.framework */; };
		1C49F8CC1461E62500867559 /* Foundation.framework in Frameworks */ = {isa = PBXBuildFile; fileRef = 1C49F8AA1461E62500867559 /* Foundation.framework */; };
		1C49F8D41461E62500867559 /* InfoPlist.strings in Resources */ = {isa = PBXBuildFile; fileRef = 1C49F8D21461E62500867559 /* InfoPlist.strings */; };
		1C49F8D71461E62500867559 /* KenmoreSafeTests.m in Sources */ = {isa = PBXBuildFile; fileRef = 1C49F8D61461E62500867559 /* KenmoreSafeTests.m */; };
/* End PBXBuildFile section */

/* Begin PBXContainerItemProxy section */
		1C49F8CD1461E62500867559 /* PBXContainerItemProxy */ = {
			isa = PBXContainerItemProxy;
			containerPortal = 1C49F89B1461E62400867559 /* Project object */;
			proxyType = 1;
			remoteGlobalIDString = 1C49F8A31461E62400867559;
			remoteInfo = KenmoreSafe;
		};
/* End PBXContainerItemProxy section */

/* Begin PBXFileReference section */
		1C49F8A41461E62500867559 /* KenmoreSafe.app */ = {isa = PBXFileReference; explicitFileType = wrapper.application; includeInIndex = 0; path = KenmoreSafe.app; sourceTree = BUILT_PRODUCTS_DIR; };
		1C49F8A81461E62500867559 /* UIKit.framework */ = {isa = PBXFileReference; lastKnownFileType = wrapper.framework; name = UIKit.framework; path = System/Library/Frameworks/UIKit.framework; sourceTree = SDKROOT; };
		1C49F8AA1461E62500867559 /* Foundation.framework */ = {isa = PBXFileReference; lastKnownFileType = wrapper.framework; name = Foundation.framework; path = System/Library/Frameworks/Foundation.framework; sourceTree = SDKROOT; };
		1C49F8AC1461E62500867559 /* CoreGraphics.framework */ = {isa = PBXFileReference; lastKnownFileType = wrapper.framework; name = CoreGraphics.framework; path = System/Library/Frameworks/CoreGraphics.framework; sourceTree = SDKROOT; };
		1C49F8B01461E62500867559 /* KenmoreSafe-Info.plist */ = {isa = PBXFileReference; lastKnownFileType = text.plist.xml; path = "KenmoreSafe-Info.plist"; sourceTree = "<group>"; };
		1C49F8B21461E62500867559 /* en */ = {isa = PBXFileReference; lastKnownFileType = text.plist.strings; name = en; path = en.lproj/InfoPlist.strings; sourceTree = "<group>"; };
		1C49F8B41461E62500867559 /* main.m */ = {isa = PBXFileReference; lastKnownFileType = sourcecode.c.objc; path = main.m; sourceTree = "<group>"; };
		1C49F8B61461E62500867559 /* KenmoreSafe-Prefix.pch */ = {isa = PBXFileReference; lastKnownFileType = sourcecode.c.h; path = "KenmoreSafe-Prefix.pch"; sourceTree = "<group>"; };
		1C49F8B71461E62500867559 /* AppDelegate.h */ = {isa = PBXFileReference; lastKnownFileType = sourcecode.c.h; path = AppDelegate.h; sourceTree = "<group>"; };
		1C49F8B81461E62500867559 /* AppDelegate.m */ = {isa = PBXFileReference; lastKnownFileType = sourcecode.c.objc; path = AppDelegate.m; sourceTree = "<group>"; };
		1C49F8BA1461E62500867559 /* ViewController.h */ = {isa = PBXFileReference; lastKnownFileType = sourcecode.c.h; path = ViewController.h; sourceTree = "<group>"; };
		1C49F8BB1461E62500867559 /* ViewController.m */ = {isa = PBXFileReference; lastKnownFileType = sourcecode.c.objc; path = ViewController.m; sourceTree = "<group>"; };
		1C49F8BE1461E62500867559 /* en */ = {isa = PBXFileReference; lastKnownFileType = file.xib; name = en; path = en.lproj/ViewController_iPhone.xib; sourceTree = "<group>"; };
		1C49F8C11461E62500867559 /* en */ = {isa = PBXFileReference; lastKnownFileType = file.xib; name = en; path = en.lproj/ViewController_iPad.xib; sourceTree = "<group>"; };
		1C49F8C81461E62500867559 /* KenmoreSafeTests.octest */ = {isa = PBXFileReference; explicitFileType = wrapper.cfbundle; includeInIndex = 0; path = KenmoreSafeTests.octest; sourceTree = BUILT_PRODUCTS_DIR; };
		1C49F8C91461E62500867559 /* SenTestingKit.framework */ = {isa = PBXFileReference; lastKnownFileType = wrapper.framework; name = SenTestingKit.framework; path = Library/Frameworks/SenTestingKit.framework; sourceTree = DEVELOPER_DIR; };
		1C49F8D11461E62500867559 /* KenmoreSafeTests-Info.plist */ = {isa = PBXFileReference; lastKnownFileType = text.plist.xml; path = "KenmoreSafeTests-Info.plist"; sourceTree = "<group>"; };
		1C49F8D31461E62500867559 /* en */ = {isa = PBXFileReference; lastKnownFileType = text.plist.strings; name = en; path = en.lproj/InfoPlist.strings; sourceTree = "<group>"; };
		1C49F8D51461E62500867559 /* KenmoreSafeTests.h */ = {isa = PBXFileReference; lastKnownFileType = sourcecode.c.h; path = KenmoreSafeTests.h; sourceTree = "<group>"; };
		1C49F8D61461E62500867559 /* KenmoreSafeTests.m */ = {isa = PBXFileReference; lastKnownFileType = sourcecode.c.objc; path = KenmoreSafeTests.m; sourceTree = "<group>"; };
		1CE452AB1461E78900F15C8B /* README */ = {isa = PBXFileReference; name = README; path = KenmoreSafeTests/README; sourceTree = SOURCE_ROOT; };
/* End PBXFileReference section */

/* Begin PBXFrameworksBuildPhase section */
		1C49F8A11461E62400867559 /* Frameworks */ = {
			isa = PBXFrameworksBuildPhase;
			buildActionMask = 2147483647;
			files = (
				1C49F8A91461E62500867559 /* UIKit.framework in Frameworks */,
				1C49F8AB1461E62500867559 /* Foundation.framework in Frameworks */,
				1C49F8AD1461E62500867559 /* CoreGraphics.framework in Frameworks */,
			);
			runOnlyForDeploymentPostprocessing = 0;
		};
		1C49F8C41461E62500867559 /* Frameworks */ = {
			isa = PBXFrameworksBuildPhase;
			buildActionMask = 2147483647;
			files = (
				1C49F8CA1461E62500867559 /* SenTestingKit.framework in Frameworks */,
				1C49F8CB1461E62500867559 /* UIKit.framework in Frameworks */,
				1C49F8CC1461E62500867559 /* Foundation.framework in Frameworks */,
			);
			runOnlyForDeploymentPostprocessing = 0;
		};
/* End PBXFrameworksBuildPhase section */

/* Begin PBXGroup section */
		1C49F8991461E62400867559 = {
			isa = PBXGroup;
			children = (
				1C49F8AE1461E62500867559 /* KenmoreSafe */,
				1C49F8CF1461E62500867559 /* KenmoreSafeTests */,
				1C49F8A71461E62500867559 /* Frameworks */,
				1C49F8A51461E62500867559 /* Products */,
			);
			sourceTree = "<group>";
		};
		1C49F8A51461E62500867559 /* Products */ = {
			isa = PBXGroup;
			children = (
				1C49F8A41461E62500867559 /* KenmoreSafe.app */,
				1C49F8C81461E62500867559 /* KenmoreSafeTests.octest */,
			);
			name = Products;
			sourceTree = "<group>";
		};
		1C49F8A71461E62500867559 /* Frameworks */ = {
			isa = PBXGroup;
			children = (
				1C49F8A81461E62500867559 /* UIKit.framework */,
				1C49F8AA1461E62500867559 /* Foundation.framework */,
				1C49F8AC1461E62500867559 /* CoreGraphics.framework */,
				1C49F8C91461E62500867559 /* SenTestingKit.framework */,
			);
			name = Frameworks;
			sourceTree = "<group>";
		};
		1C49F8AE1461E62500867559 /* KenmoreSafe */ = {
			isa = PBXGroup;
			children = (
				1C49F8B71461E62500867559 /* AppDelegate.h */,
				1C49F8B81461E62500867559 /* AppDelegate.m */,
				1C49F8BA1461E62500867559 /* ViewController.h */,
				1C49F8BB1461E62500867559 /* ViewController.m */,
				1C49F8BD1461E62500867559 /* ViewController_iPhone.xib */,
				1C49F8C01461E62500867559 /* ViewController_iPad.xib */,
				1C49F8AF1461E62500867559 /* Supporting Files */,
			);
			path = KenmoreSafe;
			sourceTree = "<group>";
		};
		1C49F8AF1461E62500867559 /* Supporting Files */ = {
			isa = PBXGroup;
			children = (
				1CE452AB1461E78900F15C8B /* README */,
				1C49F8B01461E62500867559 /* KenmoreSafe-Info.plist */,
				1C49F8B11461E62500867559 /* InfoPlist.strings */,
				1C49F8B41461E62500867559 /* main.m */,
				1C49F8B61461E62500867559 /* KenmoreSafe-Prefix.pch */,
			);
			name = "Supporting Files";
			sourceTree = "<group>";
		};
		1C49F8CF1461E62500867559 /* KenmoreSafeTests */ = {
			isa = PBXGroup;
			children = (
				1C49F8D51461E62500867559 /* KenmoreSafeTests.h */,
				1C49F8D61461E62500867559 /* KenmoreSafeTests.m */,
				1C49F8D01461E62500867559 /* Supporting Files */,
			);
			path = KenmoreSafeTests;
			sourceTree = "<group>";
		};
		1C49F8D01461E62500867559 /* Supporting Files */ = {
			isa = PBXGroup;
			children = (
				1C49F8D11461E62500867559 /* KenmoreSafeTests-Info.plist */,
				1C49F8D21461E62500867559 /* InfoPlist.strings */,
			);
			name = "Supporting Files";
			sourceTree = "<group>";
		};
/* End PBXGroup section */

/* Begin PBXNativeTarget section */
		1C49F8A31461E62400867559 /* KenmoreSafe */ = {
			isa = PBXNativeTarget;
			buildConfigurationList = 1C49F8DA1461E62500867559 /* Build configuration list for PBXNativeTarget "KenmoreSafe" */;
			buildPhases = (
				1C49F8A01461E62400867559 /* Sources */,
				1C49F8A11461E62400867559 /* Frameworks */,
				1C49F8A21461E62400867559 /* Resources */,
			);
			buildRules = (
			);
			dependencies = (
			);
			name = KenmoreSafe;
			productName = KenmoreSafe;
			productReference = 1C49F8A41461E62500867559 /* KenmoreSafe.app */;
			productType = "com.apple.product-type.application";
		};
		1C49F8C71461E62500867559 /* KenmoreSafeTests */ = {
			isa = PBXNativeTarget;
			buildConfigurationList = 1C49F8DD1461E62500867559 /* Build configuration list for PBXNativeTarget "KenmoreSafeTests" */;
			buildPhases = (
				1C49F8C31461E62500867559 /* Sources */,
				1C49F8C41461E62500867559 /* Frameworks */,
				1C49F8C51461E62500867559 /* Resources */,
				1C49F8C61461E62500867559 /* ShellScript */,
			);
			buildRules = (
			);
			dependencies = (
				1C49F8CE1461E62500867559 /* PBXTargetDependency */,
			);
			name = KenmoreSafeTests;
			productName = KenmoreSafeTests;
			productReference = 1C49F8C81461E62500867559 /* KenmoreSafeTests.octest */;
			productType = "com.apple.product-type.bundle";
		};
/* End PBXNativeTarget section */

/* Begin PBXProject section */
		1C49F89B1461E62400867559 /* Project object */ = {
			isa = PBXProject;
			attributes = {
				LastUpgradeCheck = 0420;
			};
			buildConfigurationList = 1C49F89E1461E62400867559 /* Build configuration list for PBXProject "KenmoreSafe" */;
			compatibilityVersion = "Xcode 3.2";
			developmentRegion = English;
			hasScannedForEncodings = 0;
			knownRegions = (
				en,
			);
			mainGroup = 1C49F8991461E62400867559;
			productRefGroup = 1C49F8A51461E62500867559 /* Products */;
			projectDirPath = "";
			projectRoot = "";
			targets = (
				1C49F8A31461E62400867559 /* KenmoreSafe */,
				1C49F8C71461E62500867559 /* KenmoreSafeTests */,
			);
		};
/* End PBXProject section */

/* Begin PBXResourcesBuildPhase section */
		1C49F8A21461E62400867559 /* Resources */ = {
			isa = PBXResourcesBuildPhase;
			buildActionMask = 2147483647;
			files = (
				1C49F8B31461E62500867559 /* InfoPlist.strings in Resources */,
				1C49F8BF1461E62500867559 /* ViewController_iPhone.xib in Resources */,
				1C49F8C21461E62500867559 /* ViewController_iPad.xib in Resources */,
			);
			runOnlyForDeploymentPostprocessing = 0;
		};
		1C49F8C51461E62500867559 /* Resources */ = {
			isa = PBXResourcesBuildPhase;
			buildActionMask = 2147483647;
			files = (
				1C49F8D41461E62500867559 /* InfoPlist.strings in Resources */,
			);
			runOnlyForDeploymentPostprocessing = 0;
		};
/* End PBXResourcesBuildPhase section */

/* Begin PBXShellScriptBuildPhase section */
		1C49F8C61461E62500867559 /* ShellScript */ = {
			isa = PBXShellScriptBuildPhase;
			buildActionMask = 2147483647;
			files = (
			);
			inputPaths = (
			);
			outputPaths = (
			);
			runOnlyForDeploymentPostprocessing = 0;
			shellPath = /bin/sh;
			shellScript = "# Run the unit tests in this test bundle.\n\"${SYSTEM_DEVELOPER_DIR}/Tools/RunUnitTests\"\n";
		};
/* End PBXShellScriptBuildPhase section */

/* Begin PBXSourcesBuildPhase section */
		1C49F8A01461E62400867559 /* Sources */ = {
			isa = PBXSourcesBuildPhase;
			buildActionMask = 2147483647;
			files = (
				1C49F8B51461E62500867559 /* main.m in Sources */,
				1C49F8B91461E62500867559 /* AppDelegate.m in Sources */,
				1C49F8BC1461E62500867559 /* ViewController.m in Sources */,
			);
			runOnlyForDeploymentPostprocessing = 0;
		};
		1C49F8C31461E62500867559 /* Sources */ = {
			isa = PBXSourcesBuildPhase;
			buildActionMask = 2147483647;
			files = (
				1C49F8D71461E62500867559 /* KenmoreSafeTests.m in Sources */,
			);
			runOnlyForDeploymentPostprocessing = 0;
		};
/* End PBXSourcesBuildPhase section */

/* Begin PBXTargetDependency section */
		1C49F8CE1461E62500867559 /* PBXTargetDependency */ = {
			isa = PBXTargetDependency;
			target = 1C49F8A31461E62400867559 /* KenmoreSafe */;
			targetProxy = 1C49F8CD1461E62500867559 /* PBXContainerItemProxy */;
		};
/* End PBXTargetDependency section */

/* Begin PBXVariantGroup section */
		1C49F8B11461E62500867559 /* InfoPlist.strings */ = {
			isa = PBXVariantGroup;
			children = (
				1C49F8B21461E62500867559 /* en */,
			);
			name = InfoPlist.strings;
			sourceTree = "<group>";
		};
		1C49F8BD1461E62500867559 /* ViewController_iPhone.xib */ = {
			isa = PBXVariantGroup;
			children = (
				1C49F8BE1461E62500867559 /* en */,
			);
			name = ViewController_iPhone.xib;
			sourceTree = "<group>";
		};
		1C49F8C01461E62500867559 /* ViewController_iPad.xib */ = {
			isa = PBXVariantGroup;
			children = (
				1C49F8C11461E62500867559 /* en */,
			);
			name = ViewController_iPad.xib;
			sourceTree = "<group>";
		};
		1C49F8D21461E62500867559 /* InfoPlist.strings */ = {
			isa = PBXVariantGroup;
			children = (
				1C49F8D31461E62500867559 /* en */,
			);
			name = InfoPlist.strings;
			sourceTree = "<group>";
		};
/* End PBXVariantGroup section */

/* Begin XCBuildConfiguration section */
		1C49F8D81461E62500867559 /* Debug */ = {
			isa = XCBuildConfiguration;
			buildSettings = {
				ALWAYS_SEARCH_USER_PATHS = NO;
				ARCHS = "$(ARCHS_STANDARD_32_BIT)";
				CLANG_ENABLE_OBJC_ARC = YES;
				"CODE_SIGN_IDENTITY[sdk=iphoneos*]" = "iPhone Developer";
				COPY_PHASE_STRIP = NO;
				GCC_C_LANGUAGE_STANDARD = gnu99;
				GCC_DYNAMIC_NO_PIC = NO;
				GCC_OPTIMIZATION_LEVEL = 0;
				GCC_PREPROCESSOR_DEFINITIONS = (
					"DEBUG=1",
					"$(inherited)",
				);
				GCC_SYMBOLS_PRIVATE_EXTERN = NO;
				GCC_VERSION = com.apple.compilers.llvm.clang.1_0;
				GCC_WARN_ABOUT_MISSING_PROTOTYPES = YES;
				GCC_WARN_ABOUT_RETURN_TYPE = YES;
				GCC_WARN_UNUSED_VARIABLE = YES;
				IPHONEOS_DEPLOYMENT_TARGET = 5.0;
				SDKROOT = iphoneos;
				TARGETED_DEVICE_FAMILY = "1,2";
			};
			name = Debug;
		};
		1C49F8D91461E62500867559 /* Release */ = {
			isa = XCBuildConfiguration;
			buildSettings = {
				ALWAYS_SEARCH_USER_PATHS = NO;
				ARCHS = "$(ARCHS_STANDARD_32_BIT)";
				CLANG_ENABLE_OBJC_ARC = YES;
				"CODE_SIGN_IDENTITY[sdk=iphoneos*]" = "iPhone Developer";
				COPY_PHASE_STRIP = YES;
				GCC_C_LANGUAGE_STANDARD = gnu99;
				GCC_VERSION = com.apple.compilers.llvm.clang.1_0;
				GCC_WARN_ABOUT_MISSING_PROTOTYPES = YES;
				GCC_WARN_ABOUT_RETURN_TYPE = YES;
				GCC_WARN_UNUSED_VARIABLE = YES;
				IPHONEOS_DEPLOYMENT_TARGET = 5.0;
				OTHER_CFLAGS = "-DNS_BLOCK_ASSERTIONS=1";
				SDKROOT = iphoneos;
				TARGETED_DEVICE_FAMILY = "1,2";
				VALIDATE_PRODUCT = YES;
			};
			name = Release;
		};
		1C49F8DB1461E62500867559 /* Debug */ = {
			isa = XCBuildConfiguration;
			buildSettings = {
				GCC_PRECOMPILE_PREFIX_HEADER = YES;
				GCC_PREFIX_HEADER = "KenmoreSafe/KenmoreSafe-Prefix.pch";
				INFOPLIST_FILE = "KenmoreSafe/KenmoreSafe-Info.plist";
				PRODUCT_NAME = "$(TARGET_NAME)";
				WRAPPER_EXTENSION = app;
			};
			name = Debug;
		};
		1C49F8DC1461E62500867559 /* Release */ = {
			isa = XCBuildConfiguration;
			buildSettings = {
				GCC_PRECOMPILE_PREFIX_HEADER = YES;
				GCC_PREFIX_HEADER = "KenmoreSafe/KenmoreSafe-Prefix.pch";
				INFOPLIST_FILE = "KenmoreSafe/KenmoreSafe-Info.plist";
				PRODUCT_NAME = "$(TARGET_NAME)";
				WRAPPER_EXTENSION = app;
			};
			name = Release;
		};
		1C49F8DE1461E62500867559 /* Debug */ = {
			isa = XCBuildConfiguration;
			buildSettings = {
				BUNDLE_LOADER = "$(BUILT_PRODUCTS_DIR)/KenmoreSafe.app/KenmoreSafe";
				FRAMEWORK_SEARCH_PATHS = (
					"$(SDKROOT)/Developer/Library/Frameworks",
					"$(DEVELOPER_LIBRARY_DIR)/Frameworks",
				);
				GCC_PRECOMPILE_PREFIX_HEADER = YES;
				GCC_PREFIX_HEADER = "KenmoreSafe/KenmoreSafe-Prefix.pch";
				INFOPLIST_FILE = "KenmoreSafeTests/KenmoreSafeTests-Info.plist";
				PRODUCT_NAME = "$(TARGET_NAME)";
				TEST_HOST = "$(BUNDLE_LOADER)";
				WRAPPER_EXTENSION = octest;
			};
			name = Debug;
		};
		1C49F8DF1461E62500867559 /* Release */ = {
			isa = XCBuildConfiguration;
			buildSettings = {
				BUNDLE_LOADER = "$(BUILT_PRODUCTS_DIR)/KenmoreSafe.app/KenmoreSafe";
				FRAMEWORK_SEARCH_PATHS = (
					"$(SDKROOT)/Developer/Library/Frameworks",
					"$(DEVELOPER_LIBRARY_DIR)/Frameworks",
				);
				GCC_PRECOMPILE_PREFIX_HEADER = YES;
				GCC_PREFIX_HEADER = "KenmoreSafe/KenmoreSafe-Prefix.pch";
				INFOPLIST_FILE = "KenmoreSafeTests/KenmoreSafeTests-Info.plist";
				PRODUCT_NAME = "$(TARGET_NAME)";
				TEST_HOST = "$(BUNDLE_LOADER)";
				WRAPPER_EXTENSION = octest;
			};
			name = Release;
		};
/* End XCBuildConfiguration section */

/* Begin XCConfigurationList section */
		1C49F89E1461E62400867559 /* Build configuration list for PBXProject "KenmoreSafe" */ = {
			isa = XCConfigurationList;
			buildConfigurations = (
				1C49F8D81461E62500867559 /* Debug */,
				1C49F8D91461E62500867559 /* Release */,
			);
			defaultConfigurationIsVisible = 0;
			defaultConfigurationName = Release;
		};
		1C49F8DA1461E62500867559 /* Build configuration list for PBXNativeTarget "KenmoreSafe" */ = {
			isa = XCConfigurationList;
			buildConfigurations = (
				1C49F8DB1461E62500867559 /* Debug */,
				1C49F8DC1461E62500867559 /* Release */,
			);
			defaultConfigurationIsVisible = 0;
			defaultConfigurationName = Release;
		};
		1C49F8DD1461E62500867559 /* Build configuration list for PBXNativeTarget "KenmoreSafeTests" */ = {
			isa = XCConfigurationList;
			buildConfigurations = (
				1C49F8DE1461E62500867559 /* Debug */,
				1C49F8DF1461E62500867559 /* Release */,
			);
			defaultConfigurationIsVisible = 0;
			defaultConfigurationName = Release;
		};
/* End XCConfigurationList section */
	};
	rootObject = 1C49F89B1461E62400867559 /* Project object */;
}
